{
  "lockfileVersion": 1,
  "configVersion": 1,
  "workspaces": {
    "": {
      "name": "@anora/spike-world",
      "dependencies": {
        "@worldcoin/idkit-core": "latest",
        "hono": "^4.6.14",
      },
    },
  },
  "packages": {
    "@noble/hashes": ["@noble/hashes@1.8.0", "", {}, "sha512-jCs9ldd7NwzpgXDIf6P3+NrHh9/sD6CQdxHyjQI+h/6rDNo88ypBxxz45UDuZHz9r3tNz7N/VInSVoVdtXEI4A=="],

    "@noble/secp256k1": ["@noble/secp256k1@2.3.0", "", {}, "sha512-0TQed2gcBbIrh7Ccyw+y/uZQvbJwm7Ao4scBUxqpBCcsOlZG0O4KGfjtNAy/li4W8n1xt3dxrwJ0beZ2h2G6Kw=="],

    "@worldcoin/idkit-core": ["@worldcoin/idkit-core@4.2.4", "", { "dependencies": { "@noble/hashes": "^1.7.2", "@worldcoin/idkit-server": "1.1.1" } }, "sha512-R7nupFbXtk1h0ErnDDlarYlGqnFBLzy96xcMWOHqzkt7Wzs788cyxHZqgJHRsSnWx6LMToxp5kO3zr5N4rBatA=="],

    "@worldcoin/idkit-server": ["@worldcoin/idkit-server@1.1.1", "", { "dependencies": { "@noble/hashes": "^1.7.2", "@noble/secp256k1": "^2.2.3" } }, "sha512-iO4Kd3QBLzJak3BPz5eIzRjW0kT8Px5c3LbNzvCKMnczLvVSKoWqdvGiJlkK8Dp29KstNI62iv4ak0z8nzui/Q=="],

    "hono": ["hono@4.13.7", "", {}, "sha512-c8/gF9ac8Y78/agExVocyLevgR+JlpNB444Py0FSX8pJoPdYUfUzRcXtYEYGwt6l19qIlVZPN5Mfsw9jFShmQQ=="],
  }
}
